
Microsoft Visual Studio Solution File, Format Version 12.00
# Visual Studio Version 16
VisualStudioVersion = 16.0.31515.178
MinimumVisualStudioVersion = 10.0.40219.1
Project("{FAE04EC0-301F-11D3-BF4B-00C04F79EFBC}") = "AppLivraria_TsT", "AppLivraria_TsT\AppLivraria_TsT.csproj", "{A42AC1E7-3A48-4EBF-AA7D-178E793884B2}"
EndProject
Global
	GlobalSection(SolutionConfigurationPlatforms) = preSolution
		Debug|Any CPU = Debug|Any CPU
		Release|Any CPU = Release|Any CPU
	EndGlobalSection
	GlobalSection(ProjectConfigurationPlatforms) = postSolution
		{A42AC1E7-3A48-4EBF-AA7D-178E793884B2}.Debug|Any CPU.ActiveCfg = Debug|Any CPU
		{A42AC1E7-3A48-4EBF-AA7D-178E793884B2}.Debug|Any CPU.Build.0 = Debug|Any CPU
		{A42AC1E7-3A48-4EBF-AA7D-178E793884B2}.Release|Any CPU.ActiveCfg = Release|Any CPU
		{A42AC1E7-3A48-4EBF-AA7D-178E793884B2}.Release|Any CPU.Build.0 = Release|Any CPU
	EndGlobalSection
	GlobalSection(SolutionProperties) = preSolution
		HideSolutionNode = FALSE
	EndGlobalSection
	GlobalSection(ExtensibilityGlobals) = postSolution
		SolutionGuid = {7838ADB4-2B2A-43EF-9550-1ACD74F92E70}
	EndGlobalSection
EndGlobal
